// !$*UTF8*$!
{
	archiveVersion = 1;
	classes = {
	};
	objectVersion = 50;
	objects = {

/* Begin PBXBuildFile section */
		9558A6092346CA81009FA08B /* SelectGenreViewController.swift in Sources */ = {isa = PBXBuildFile; fileRef = 9558A6082346CA81009FA08B /* SelectGenreViewController.swift */; };
		9558A60B2346CC98009FA08B /* AddCommentsViewController.swift in Sources */ = {isa = PBXBuildFile; fileRef = 9558A60A2346CC98009FA08B /* AddCommentsViewController.swift */; };
		95F229592548BBED00C9F6CA /* SubmitViewController.swift in Sources */ = {isa = PBXBuildFile; fileRef = 95F229582548BBED00C9F6CA /* SubmitViewController.swift */; };
		95F229642548C32400C9F6CA /* CloudKit.framework in Frameworks */ = {isa = PBXBuildFile; fileRef = 95F229632548C32400C9F6CA /* CloudKit.framework */; };
		95F229722549AC9A00C9F6CA /* Whistle.swift in Sources */ = {isa = PBXBuildFile; fileRef = 95F229712549AC9A00C9F6CA /* Whistle.swift */; };
		95F229772549E3C900C9F6CA /* ResultsViewController.swift in Sources */ = {isa = PBXBuildFile; fileRef = 95F229762549E3C900C9F6CA /* ResultsViewController.swift */; };
		95F2297C2549F82800C9F6CA /* MyGenresViewController.swift in Sources */ = {isa = PBXBuildFile; fileRef = 95F2297B2549F82800C9F6CA /* MyGenresViewController.swift */; };
		95F88DFB234682460009EA2E /* AppDelegate.swift in Sources */ = {isa = PBXBuildFile; fileRef = 95F88DFA234682460009EA2E /* AppDelegate.swift */; };
		95F88DFD234682460009EA2E /* ViewController.swift in Sources */ = {isa = PBXBuildFile; fileRef = 95F88DFC234682460009EA2E /* ViewController.swift */; };
		95F88E00234682460009EA2E /* Main.storyboard in Resources */ = {isa = PBXBuildFile; fileRef = 95F88DFE234682460009EA2E /* Main.storyboard */; };
		95F88E02234682470009EA2E /* Assets.xcassets in Resources */ = {isa = PBXBuildFile; fileRef = 95F88E01234682470009EA2E /* Assets.xcassets */; };
		95F88E05234682470009EA2E /* LaunchScreen.storyboard in Resources */ = {isa = PBXBuildFile; fileRef = 95F88E03234682470009EA2E /* LaunchScreen.storyboard */; };
		95F88E0D2346834C0009EA2E /* RecordWhistleViewController.swift in Sources */ = {isa = PBXBuildFile; fileRef = 95F88E0C2346834C0009EA2E /* RecordWhistleViewController.swift */; };
/* End PBXBuildFile section */

/* Begin PBXFileReference section */
		9558A6082346CA81009FA08B /* SelectGenreViewController.swift */ = {isa = PBXFileReference; lastKnownFileType = sourcecode.swift; path = SelectGenreViewController.swift; sourceTree = "<group>"; };
		9558A60A2346CC98009FA08B /* AddCommentsViewController.swift */ = {isa = PBXFileReference; lastKnownFileType = sourcecode.swift; path = AddCommentsViewController.swift; sourceTree = "<group>"; };
		95F229582548BBED00C9F6CA /* SubmitViewController.swift */ = {isa = PBXFileReference; lastKnownFileType = sourcecode.swift; path = SubmitViewController.swift; sourceTree = "<group>"; };
		95F2295F2548BF4F00C9F6CA /* Project33.entitlements */ = {isa = PBXFileReference; lastKnownFileType = text.plist.entitlements; path = Project33.entitlements; sourceTree = "<group>"; };
		95F229632548C32400C9F6CA /* CloudKit.framework */ = {isa = PBXFileReference; lastKnownFileType = wrapper.framework; name = CloudKit.framework; path = System/Library/Frameworks/CloudKit.framework; sourceTree = SDKROOT; };
		95F229712549AC9A00C9F6CA /* Whistle.swift */ = {isa = PBXFileReference; lastKnownFileType = sourcecode.swift; path = Whistle.swift; sourceTree = "<group>"; };
		95F229762549E3C900C9F6CA /* ResultsViewController.swift */ = {isa = PBXFileReference; lastKnownFileType = sourcecode.swift; path = ResultsViewController.swift; sourceTree = "<group>"; };
		95F2297B2549F82800C9F6CA /* MyGenresViewController.swift */ = {isa = PBXFileReference; lastKnownFileType = sourcecode.swift; path = MyGenresViewController.swift; sourceTree = "<group>"; };
		95F88DF7234682460009EA2E /* Project33.app */ = {isa = PBXFileReference; explicitFileType = wrapper.application; includeInIndex = 0; path = Project33.app; sourceTree = BUILT_PRODUCTS_DIR; };
		95F88DFA234682460009EA2E /* AppDelegate.swift */ = {isa = PBXFileReference; lastKnownFileType = sourcecode.swift; path = AppDelegate.swift; sourceTree = "<group>"; };
		95F88DFC234682460009EA2E /* ViewController.swift */ = {isa = PBXFileReference; lastKnownFileType = sourcecode.swift; path = ViewController.swift; sourceTree = "<group>"; };
		95F88DFF234682460009EA2E /* Base */ = {isa = PBXFileReference; lastKnownFileType = file.storyboard; name = Base; path = Base.lproj/Main.storyboard; sourceTree = "<group>"; };
		95F88E01234682470009EA2E /* Assets.xcassets */ = {isa = PBXFileReference; lastKnownFileType = folder.assetcatalog; path = Assets.xcassets; sourceTree = "<group>"; };
		95F88E04234682470009EA2E /* Base */ = {isa = PBXFileReference; lastKnownFileType = file.storyboard; name = Base; path = Base.lproj/LaunchScreen.storyboard; sourceTree = "<group>"; };
		95F88E06234682470009EA2E /* Info.plist */ = {isa = PBXFileReference; lastKnownFileType = text.plist.xml; path = Info.plist; sourceTree = "<group>"; };
		95F88E0C2346834C0009EA2E /* RecordWhistleViewController.swift */ = {isa = PBXFileReference; lastKnownFileType = sourcecode.swift; path = RecordWhistleViewController.swift; sourceTree = "<group>"; };
/* End PBXFileReference section */

/* Begin PBXFrameworksBuildPhase section */
		95F88DF4234682460009EA2E /* Frameworks */ = {
			isa = PBXFrameworksBuildPhase;
			buildActionMask = 2147483647;
			files = (
				95F229642548C32400C9F6CA /* CloudKit.framework in Frameworks */,
			);
			runOnlyForDeploymentPostprocessing = 0;
		};
/* End PBXFrameworksBuildPhase section */

/* Begin PBXGroup section */
		95F2295B2548BC0E00C9F6CA /* Init */ = {
			isa = PBXGroup;
			children = (
				95F88DFA234682460009EA2E /* AppDelegate.swift */,
				95F88E03234682470009EA2E /* LaunchScreen.storyboard */,
			);
			path = Init;
			sourceTree = "<group>";
		};
		95F2295C2548BC2C00C9F6CA /* Controller */ = {
			isa = PBXGroup;
			children = (
				9558A60A2346CC98009FA08B /* AddCommentsViewController.swift */,
				95F2297B2549F82800C9F6CA /* MyGenresViewController.swift */,
				95F88E0C2346834C0009EA2E /* RecordWhistleViewController.swift */,
				95F229762549E3C900C9F6CA /* ResultsViewController.swift */,
				9558A6082346CA81009FA08B /* SelectGenreViewController.swift */,
				95F229582548BBED00C9F6CA /* SubmitViewController.swift */,
				95F88DFC234682460009EA2E /* ViewController.swift */,
			);
			path = Controller;
			sourceTree = "<group>";
		};
		95F2295D2548BC3800C9F6CA /* View */ = {
			isa = PBXGroup;
			children = (
				95F88DFE234682460009EA2E /* Main.storyboard */,
			);
			path = View;
			sourceTree = "<group>";
		};
		95F229622548C32400C9F6CA /* Frameworks */ = {
			isa = PBXGroup;
			children = (
				95F229632548C32400C9F6CA /* CloudKit.framework */,
			);
			name = Frameworks;
			sourceTree = "<group>";
		};
		95F229702549AC8800C9F6CA /* Model */ = {
			isa = PBXGroup;
			children = (
				95F229712549AC9A00C9F6CA /* Whistle.swift */,
			);
			path = Model;
			sourceTree = "<group>";
		};
		95F88DEE234682460009EA2E = {
			isa = PBXGroup;
			children = (
				95F88DF9234682460009EA2E /* Project33 */,
				95F88DF8234682460009EA2E /* Products */,
				95F229622548C32400C9F6CA /* Frameworks */,
			);
			sourceTree = "<group>";
		};
		95F88DF8234682460009EA2E /* Products */ = {
			isa = PBXGroup;
			children = (
				95F88DF7234682460009EA2E /* Project33.app */,
			);
			name = Products;
			sourceTree = "<group>";
		};
		95F88DF9234682460009EA2E /* Project33 */ = {
			isa = PBXGroup;
			children = (
				95F2295C2548BC2C00C9F6CA /* Controller */,
				95F2295B2548BC0E00C9F6CA /* Init */,
				95F229702549AC8800C9F6CA /* Model */,
				95F2295D2548BC3800C9F6CA /* View */,
				95F88E01234682470009EA2E /* Assets.xcassets */,
				95F88E06234682470009EA2E /* Info.plist */,
				95F2295F2548BF4F00C9F6CA /* Project33.entitlements */,
			);
			path = Project33;
			sourceTree = "<group>";
		};
/* End PBXGroup section */

/* Begin PBXNativeTarget section */
		95F88DF6234682460009EA2E /* Project33 */ = {
			isa = PBXNativeTarget;
			buildConfigurationList = 95F88E09234682470009EA2E /* Build configuration list for PBXNativeTarget "Project33" */;
			buildPhases = (
				95F88DF3234682460009EA2E /* Sources */,
				95F88DF4234682460009EA2E /* Frameworks */,
				95F88DF5234682460009EA2E /* Resources */,
			);
			buildRules = (
			);
			dependencies = (
			);
			name = Project33;
			productName = Project33;
			productReference = 95F88DF7234682460009EA2E /* Project33.app */;
			productType = "com.apple.product-type.application";
		};
/* End PBXNativeTarget section */

/* Begin PBXProject section */
		95F88DEF234682460009EA2E /* Project object */ = {
			isa = PBXProject;
			attributes = {
				LastSwiftUpdateCheck = 1030;
				LastUpgradeCheck = 1210;
				ORGANIZATIONNAME = clarknt;
				TargetAttributes = {
					95F88DF6234682460009EA2E = {
						CreatedOnToolsVersion = 10.3;
						SystemCapabilities = {
							com.apple.iCloud = {
								enabled = 0;
							};
						};
					};
				};
			};
			buildConfigurationList = 95F88DF2234682460009EA2E /* Build configuration list for PBXProject "Project33" */;
			compatibilityVersion = "Xcode 9.3";
			developmentRegion = en;
			hasScannedForEncodings = 0;
			knownRegions = (
				en,
				Base,
			);
			mainGroup = 95F88DEE234682460009EA2E;
			productRefGroup = 95F88DF8234682460009EA2E /* Products */;
			projectDirPath = "";
			projectRoot = "";
			targets = (
				95F88DF6234682460009EA2E /* Project33 */,
			);
		};
/* End PBXProject section */

/* Begin PBXResourcesBuildPhase section */
		95F88DF5234682460009EA2E /* Resources */ = {
			isa = PBXResourcesBuildPhase;
			buildActionMask = 2147483647;
			files = (
				95F88E05234682470009EA2E /* LaunchScreen.storyboard in Resources */,
				95F88E02234682470009EA2E /* Assets.xcassets in Resources */,
				95F88E00234682460009EA2E /* Main.storyboard in Resources */,
			);
			runOnlyForDeploymentPostprocessing = 0;
		};
/* End PBXResourcesBuildPhase section */

/* Begin PBXSourcesBuildPhase section */
		95F88DF3234682460009EA2E /* Sources */ = {
			isa = PBXSourcesBuildPhase;
			buildActionMask = 2147483647;
			files = (
				95F88DFD234682460009EA2E /* ViewController.swift in Sources */,
				9558A60B2346CC98009FA08B /* AddCommentsViewController.swift in Sources */,
				95F88DFB234682460009EA2E /* AppDelegate.swift in Sources */,
				9558A6092346CA81009FA08B /* SelectGenreViewController.swift in Sources */,
				95F2297C2549F82800C9F6CA /* MyGenresViewController.swift in Sources */,
				95F229722549AC9A00C9F6CA /* Whistle.swift in Sources */,
				95F229592548BBED00C9F6CA /* SubmitViewController.swift in Sources */,
				95F88E0D2346834C0009EA2E /* RecordWhistleViewController.swift in Sources */,
				95F229772549E3C900C9F6CA /* ResultsViewController.swift in Sources */,
			);
			runOnlyForDeploymentPostprocessing = 0;
		};
/* End PBXSourcesBuildPhase section */

/* Begin PBXVariantGroup section */
		95F88DFE234682460009EA2E /* Main.storyboard */ = {
			isa = PBXVariantGroup;
			children = (
				95F88DFF234682460009EA2E /* Base */,
			);
			name = Main.storyboard;
			sourceTree = "<group>";
		};
		95F88E03234682470009EA2E /* LaunchScreen.storyboard */ = {
			isa = PBXVariantGroup;
			children = (
				95F88E04234682470009EA2E /* Base */,
			);
			name = LaunchScreen.storyboard;
			sourceTree = "<group>";
		};
/* End PBXVariantGroup section */

/* Begin XCBuildConfiguration section */
		95F88E07234682470009EA2E /* Debug */ = {
			isa = XCBuildConfiguration;
			buildSettings = {
				ALWAYS_SEARCH_USER_PATHS = NO;
				CLANG_ANALYZER_NONNULL = YES;
				CLANG_ANALYZER_NUMBER_OBJECT_CONVERSION = YES_AGGRESSIVE;
				CLANG_CXX_LANGUAGE_STANDARD = "gnu++14";
				CLANG_CXX_LIBRARY = "libc++";
				CLANG_ENABLE_MODULES = YES;
				CLANG_ENABLE_OBJC_ARC = YES;
				CLANG_ENABLE_OBJC_WEAK = YES;
				CLANG_WARN_BLOCK_CAPTURE_AUTORELEASING = YES;
				CLANG_WARN_BOOL_CONVERSION = YES;
				CLANG_WARN_COMMA = YES;
				CLANG_WARN_CONSTANT_CONVERSION = YES;
				CLANG_WARN_DEPRECATED_OBJC_IMPLEMENTATIONS = YES;
				CLANG_WARN_DIRECT_OBJC_ISA_USAGE = YES_ERROR;
				CLANG_WARN_DOCUMENTATION_COMMENTS = YES;
				CLANG_WARN_EMPTY_BODY = YES;
				CLANG_WARN_ENUM_CONVERSION = YES;
				CLANG_WARN_INFINITE_RECURSION = YES;
				CLANG_WARN_INT_CONVERSION = YES;
				CLANG_WARN_NON_LITERAL_NULL_CONVERSION = YES;
				CLANG_WARN_OBJC_IMPLICIT_RETAIN_SELF = YES;
				CLANG_WARN_OBJC_LITERAL_CONVERSION = YES;
				CLANG_WARN_OBJC_ROOT_CLASS = YES_ERROR;
				CLANG_WARN_QUOTED_INCLUDE_IN_FRAMEWORK_HEADER = YES;
				CLANG_WARN_RANGE_LOOP_ANALYSIS = YES;
				CLANG_WARN_STRICT_PROTOTYPES = YES;
				CLANG_WARN_SUSPICIOUS_MOVE = YES;
				CLANG_WARN_UNGUARDED_AVAILABILITY = YES_AGGRESSIVE;
				CLANG_WARN_UNREACHABLE_CODE = YES;
				CLANG_WARN__DUPLICATE_METHOD_MATCH = YES;
				CODE_SIGN_STYLE = Automatic;
				COPY_PHASE_STRIP = NO;
				DEBUG_INFORMATION_FORMAT = dwarf;
				ENABLE_STRICT_OBJC_MSGSEND = YES;
				ENABLE_TESTABILITY = YES;
				GCC_C_LANGUAGE_STANDARD = gnu11;
				GCC_DYNAMIC_NO_PIC = NO;
				GCC_NO_COMMON_BLOCKS = YES;
				GCC_OPTIMIZATION_LEVEL = 0;
				GCC_PREPROCESSOR_DEFINITIONS = (
					"DEBUG=1",
					"$(inherited)",
				);
				GCC_WARN_64_TO_32_BIT_CONVERSION = YES;
				GCC_WARN_ABOUT_RETURN_TYPE = YES_ERROR;
				GCC_WARN_UNDECLARED_SELECTOR = YES;
				GCC_WARN_UNINITIALIZED_AUTOS = YES_AGGRESSIVE;
				GCC_WARN_UNUSED_FUNCTION = YES;
				GCC_WARN_UNUSED_VARIABLE = YES;
				IPHONEOS_DEPLOYMENT_TARGET = 12.4;
				MTL_ENABLE_DEBUG_INFO = INCLUDE_SOURCE;
				MTL_FAST_MATH = YES;
				ONLY_ACTIVE_ARCH = YES;
				SDKROOT = iphoneos;
				SWIFT_ACTIVE_COMPILATION_CONDITIONS = DEBUG;
				SWIFT_OPTIMIZATION_LEVEL = "-Onone";
			};
			name = Debug;
		};
		95F88E08234682470009EA2E /* Release */ = {
			isa = XCBuildConfiguration;
			buildSettings = {
				ALWAYS_SEARCH_USER_PATHS = NO;
				CLANG_ANALYZER_NONNULL = YES;
				CLANG_ANALYZER_NUMBER_OBJECT_CONVERSION = YES_AGGRESSIVE;
				CLANG_CXX_LANGUAGE_STANDARD = "gnu++14";
				CLANG_CXX_LIBRARY = "libc++";
				CLANG_ENABLE_MODULES = YES;
				CLANG_ENABLE_OBJC_ARC = YES;
				CLANG_ENABLE_OBJC_WEAK = YES;
				CLANG_WARN_BLOCK_CAPTURE_AUTORELEASING = YES;
				CLANG_WARN_BOOL_CONVERSION = YES;
				CLANG_WARN_COMMA = YES;
				CLANG_WARN_CONSTANT_CONVERSION = YES;
				CLANG_WARN_DEPRECATED_OBJC_IMPLEMENTATIONS = YES;
				CLANG_WARN_DIRECT_OBJC_ISA_USAGE = YES_ERROR;
				CLANG_WARN_DOCUMENTATION_COMMENTS = YES;
				CLANG_WARN_EMPTY_BODY = YES;
				CLANG_WARN_ENUM_CONVERSION = YES;
				CLANG_WARN_INFINITE_RECURSION = YES;
				CLANG_WARN_INT_CONVERSION = YES;
				CLANG_WARN_NON_LITERAL_NULL_CONVERSION = YES;
				CLANG_WARN_OBJC_IMPLICIT_RETAIN_SELF = YES;
				CLANG_WARN_OBJC_LITERAL_CONVERSION = YES;
				CLANG_WARN_OBJC_ROOT_CLASS = YES_ERROR;
				CLANG_WARN_QUOTED_INCLUDE_IN_FRAMEWORK_HEADER = YES;
				CLANG_WARN_RANGE_LOOP_ANALYSIS = YES;
				CLANG_WARN_STRICT_PROTOTYPES = YES;
				CLANG_WARN_SUSPICIOUS_MOVE = YES;
				CLANG_WARN_UNGUARDED_AVAILABILITY = YES_AGGRESSIVE;
				CLANG_WARN_UNREACHABLE_CODE = YES;
				CLANG_WARN__DUPLICATE_METHOD_MATCH = YES;
				CODE_SIGN_STYLE = Automatic;
				COPY_PHASE_STRIP = NO;
				DEBUG_INFORMATION_FORMAT = "dwarf-with-dsym";
				ENABLE_NS_ASSERTIONS = NO;
				ENABLE_STRICT_OBJC_MSGSEND = YES;
				GCC_C_LANGUAGE_STANDARD = gnu11;
				GCC_NO_COMMON_BLOCKS = YES;
				GCC_WARN_64_TO_32_BIT_CONVERSION = YES;
				GCC_WARN_ABOUT_RETURN_TYPE = YES_ERROR;
				GCC_WARN_UNDECLARED_SELECTOR = YES;
				GCC_WARN_UNINITIALIZED_AUTOS = YES_AGGRESSIVE;
				GCC_WARN_UNUSED_FUNCTION = YES;
				GCC_WARN_UNUSED_VARIABLE = YES;
				IPHONEOS_DEPLOYMENT_TARGET = 12.4;
				MTL_ENABLE_DEBUG_INFO = NO;
				MTL_FAST_MATH = YES;
				SDKROOT = iphoneos;
				SWIFT_COMPILATION_MODE = wholemodule;
				SWIFT_OPTIMIZATION_LEVEL = "-O";
				VALIDATE_PRODUCT = YES;
			};
			name = Release;
		};
		95F88E0A234682470009EA2E /* Debug */ = {
			isa = XCBuildConfiguration;
			buildSettings = {
				ASSETCATALOG_COMPILER_APPICON_NAME = AppIcon;
				CODE_SIGN_ENTITLEMENTS = Project33/Project33.entitlements;
				CODE_SIGN_STYLE = Automatic;
				DEVELOPMENT_TEAM = "";
				INFOPLIST_FILE = Project33/Info.plist;
				LD_RUNPATH_SEARCH_PATHS = (
					"$(inherited)",
					"@executable_path/Frameworks",
				);
				PRODUCT_BUNDLE_IDENTIFIER = clarknt.hws.Project33;
				PRODUCT_NAME = "$(TARGET_NAME)";
				SWIFT_VERSION = 5.0;
				TARGETED_DEVICE_FAMILY = "1,2";
			};
			name = Debug;
		};
		95F88E0B234682470009EA2E /* Release */ = {
			isa = XCBuildConfiguration;
			buildSettings = {
				ASSETCATALOG_COMPILER_APPICON_NAME = AppIcon;
				CODE_SIGN_ENTITLEMENTS = Project33/Project33.entitlements;
				CODE_SIGN_STYLE = Automatic;
				DEVELOPMENT_TEAM = "";
				INFOPLIST_FILE = Project33/Info.plist;
				LD_RUNPATH_SEARCH_PATHS = (
					"$(inherited)",
					"@executable_path/Frameworks",
				);
				PRODUCT_BUNDLE_IDENTIFIER = clarknt.hws.Project33;
				PRODUCT_NAME = "$(TARGET_NAME)";
				SWIFT_VERSION = 5.0;
				TARGETED_DEVICE_FAMILY = "1,2";
			};
			name = Release;
		};
/* End XCBuildConfiguration section */

/* Begin XCConfigurationList section */
		95F88DF2234682460009EA2E /* Build configuration list for PBXProject "Project33" */ = {
			isa = XCConfigurationList;
			buildConfigurations = (
				95F88E07234682470009EA2E /* Debug */,
				95F88E08234682470009EA2E /* Release */,
			);
			defaultConfigurationIsVisible = 0;
			defaultConfigurationName = Release;
		};
		95F88E09234682470009EA2E /* Build configuration list for PBXNativeTarget "Project33" */ = {
			isa = XCConfigurationList;
			buildConfigurations = (
				95F88E0A234682470009EA2E /* Debug */,
				95F88E0B234682470009EA2E /* Release */,
			);
			defaultConfigurationIsVisible = 0;
			defaultConfigurationName = Release;
		};
/* End XCConfigurationList section */
	};
	rootObject = 95F88DEF234682460009EA2E /* Project object */;
}
