// !$*UTF8*$!
{
	archiveVersion = 1;
	classes = {
	};
	objectVersion = 50;
	objects = {

/* Begin PBXBuildFile section */
		95322976242BEBBE00E180FA /* Project38.xcdatamodeld in Sources */ = {isa = PBXBuildFile; fileRef = 95322974242BEBBE00E180FA /* Project38.xcdatamodeld */; };
		956B9408242AC49200058AA9 /* AppDelegate.swift in Sources */ = {isa = PBXBuildFile; fileRef = 956B9407242AC49200058AA9 /* AppDelegate.swift */; };
		956B940A242AC49200058AA9 /* SceneDelegate.swift in Sources */ = {isa = PBXBuildFile; fileRef = 956B9409242AC49200058AA9 /* SceneDelegate.swift */; };
		956B940C242AC49200058AA9 /* ViewController.swift in Sources */ = {isa = PBXBuildFile; fileRef = 956B940B242AC49200058AA9 /* ViewController.swift */; };
		956B940F242AC49200058AA9 /* Main.storyboard in Resources */ = {isa = PBXBuildFile; fileRef = 956B940D242AC49200058AA9 /* Main.storyboard */; };
		956B9411242AC49600058AA9 /* Assets.xcassets in Resources */ = {isa = PBXBuildFile; fileRef = 956B9410242AC49600058AA9 /* Assets.xcassets */; };
		956B9414242AC49600058AA9 /* LaunchScreen.storyboard in Resources */ = {isa = PBXBuildFile; fileRef = 956B9412242AC49600058AA9 /* LaunchScreen.storyboard */; };
		956B941C242AC4FE00058AA9 /* SwiftyJSON.swift in Sources */ = {isa = PBXBuildFile; fileRef = 956B941B242AC4FE00058AA9 /* SwiftyJSON.swift */; };
		956B941E242AC79B00058AA9 /* DetailViewController.swift in Sources */ = {isa = PBXBuildFile; fileRef = 956B941D242AC79B00058AA9 /* DetailViewController.swift */; };
/* End PBXBuildFile section */

/* Begin PBXFileReference section */
		95322975242BEBBE00E180FA /* Project38.xcdatamodel */ = {isa = PBXFileReference; lastKnownFileType = wrapper.xcdatamodel; path = Project38.xcdatamodel; sourceTree = "<group>"; };
		956B9404242AC49200058AA9 /* Project38.app */ = {isa = PBXFileReference; explicitFileType = wrapper.application; includeInIndex = 0; path = Project38.app; sourceTree = BUILT_PRODUCTS_DIR; };
		956B9407242AC49200058AA9 /* AppDelegate.swift */ = {isa = PBXFileReference; lastKnownFileType = sourcecode.swift; path = AppDelegate.swift; sourceTree = "<group>"; };
		956B9409242AC49200058AA9 /* SceneDelegate.swift */ = {isa = PBXFileReference; lastKnownFileType = sourcecode.swift; path = SceneDelegate.swift; sourceTree = "<group>"; };
		956B940B242AC49200058AA9 /* ViewController.swift */ = {isa = PBXFileReference; lastKnownFileType = sourcecode.swift; path = ViewController.swift; sourceTree = "<group>"; };
		956B940E242AC49200058AA9 /* Base */ = {isa = PBXFileReference; lastKnownFileType = file.storyboard; name = Base; path = Base.lproj/Main.storyboard; sourceTree = "<group>"; };
		956B9410242AC49600058AA9 /* Assets.xcassets */ = {isa = PBXFileReference; lastKnownFileType = folder.assetcatalog; path = Assets.xcassets; sourceTree = "<group>"; };
		956B9413242AC49600058AA9 /* Base */ = {isa = PBXFileReference; lastKnownFileType = file.storyboard; name = Base; path = Base.lproj/LaunchScreen.storyboard; sourceTree = "<group>"; };
		956B9415242AC49600058AA9 /* Info.plist */ = {isa = PBXFileReference; lastKnownFileType = text.plist.xml; path = Info.plist; sourceTree = "<group>"; };
		956B941B242AC4FE00058AA9 /* SwiftyJSON.swift */ = {isa = PBXFileReference; fileEncoding = 4; lastKnownFileType = sourcecode.swift; path = SwiftyJSON.swift; sourceTree = "<group>"; };
		956B941D242AC79B00058AA9 /* DetailViewController.swift */ = {isa = PBXFileReference; lastKnownFileType = sourcecode.swift; path = DetailViewController.swift; sourceTree = "<group>"; };
/* End PBXFileReference section */

/* Begin PBXFrameworksBuildPhase section */
		956B9401242AC49200058AA9 /* Frameworks */ = {
			isa = PBXFrameworksBuildPhase;
			buildActionMask = 2147483647;
			files = (
			);
			runOnlyForDeploymentPostprocessing = 0;
		};
/* End PBXFrameworksBuildPhase section */

/* Begin PBXGroup section */
		95322971242BEB6600E180FA /* Views */ = {
			isa = PBXGroup;
			children = (
				956B941D242AC79B00058AA9 /* DetailViewController.swift */,
				956B940D242AC49200058AA9 /* Main.storyboard */,
				956B940B242AC49200058AA9 /* ViewController.swift */,
			);
			path = Views;
			sourceTree = "<group>";
		};
		95322972242BEB8900E180FA /* Frameworks */ = {
			isa = PBXGroup;
			children = (
				956B941B242AC4FE00058AA9 /* SwiftyJSON.swift */,
			);
			path = Frameworks;
			sourceTree = "<group>";
		};
		95322973242BEB9E00E180FA /* Models */ = {
			isa = PBXGroup;
			children = (
				95322974242BEBBE00E180FA /* Project38.xcdatamodeld */,
			);
			path = Models;
			sourceTree = "<group>";
		};
		956B93FB242AC49200058AA9 = {
			isa = PBXGroup;
			children = (
				956B9406242AC49200058AA9 /* Project38 */,
				956B9405242AC49200058AA9 /* Products */,
			);
			sourceTree = "<group>";
		};
		956B9405242AC49200058AA9 /* Products */ = {
			isa = PBXGroup;
			children = (
				956B9404242AC49200058AA9 /* Project38.app */,
			);
			name = Products;
			sourceTree = "<group>";
		};
		956B9406242AC49200058AA9 /* Project38 */ = {
			isa = PBXGroup;
			children = (
				95322973242BEB9E00E180FA /* Models */,
				95322972242BEB8900E180FA /* Frameworks */,
				95322971242BEB6600E180FA /* Views */,
				956B9407242AC49200058AA9 /* AppDelegate.swift */,
				956B9409242AC49200058AA9 /* SceneDelegate.swift */,
				956B9410242AC49600058AA9 /* Assets.xcassets */,
				956B9412242AC49600058AA9 /* LaunchScreen.storyboard */,
				956B9415242AC49600058AA9 /* Info.plist */,
			);
			path = Project38;
			sourceTree = "<group>";
		};
/* End PBXGroup section */

/* Begin PBXNativeTarget section */
		956B9403242AC49200058AA9 /* Project38 */ = {
			isa = PBXNativeTarget;
			buildConfigurationList = 956B9418242AC49600058AA9 /* Build configuration list for PBXNativeTarget "Project38" */;
			buildPhases = (
				956B9400242AC49200058AA9 /* Sources */,
				956B9401242AC49200058AA9 /* Frameworks */,
				956B9402242AC49200058AA9 /* Resources */,
			);
			buildRules = (
			);
			dependencies = (
			);
			name = Project38;
			productName = Project38;
			productReference = 956B9404242AC49200058AA9 /* Project38.app */;
			productType = "com.apple.product-type.application";
		};
/* End PBXNativeTarget section */

/* Begin PBXProject section */
		956B93FC242AC49200058AA9 /* Project object */ = {
			isa = PBXProject;
			attributes = {
				LastSwiftUpdateCheck = 1140;
				LastUpgradeCheck = 1140;
				ORGANIZATIONNAME = clarknt;
				TargetAttributes = {
					956B9403242AC49200058AA9 = {
						CreatedOnToolsVersion = 11.4;
					};
				};
			};
			buildConfigurationList = 956B93FF242AC49200058AA9 /* Build configuration list for PBXProject "Project38" */;
			compatibilityVersion = "Xcode 9.3";
			developmentRegion = en;
			hasScannedForEncodings = 0;
			knownRegions = (
				en,
				Base,
			);
			mainGroup = 956B93FB242AC49200058AA9;
			productRefGroup = 956B9405242AC49200058AA9 /* Products */;
			projectDirPath = "";
			projectRoot = "";
			targets = (
				956B9403242AC49200058AA9 /* Project38 */,
			);
		};
/* End PBXProject section */

/* Begin PBXResourcesBuildPhase section */
		956B9402242AC49200058AA9 /* Resources */ = {
			isa = PBXResourcesBuildPhase;
			buildActionMask = 2147483647;
			files = (
				956B9414242AC49600058AA9 /* LaunchScreen.storyboard in Resources */,
				956B9411242AC49600058AA9 /* Assets.xcassets in Resources */,
				956B940F242AC49200058AA9 /* Main.storyboard in Resources */,
			);
			runOnlyForDeploymentPostprocessing = 0;
		};
/* End PBXResourcesBuildPhase section */

/* Begin PBXSourcesBuildPhase section */
		956B9400242AC49200058AA9 /* Sources */ = {
			isa = PBXSourcesBuildPhase;
			buildActionMask = 2147483647;
			files = (
				956B940C242AC49200058AA9 /* ViewController.swift in Sources */,
				956B9408242AC49200058AA9 /* AppDelegate.swift in Sources */,
				956B941E242AC79B00058AA9 /* DetailViewController.swift in Sources */,
				956B940A242AC49200058AA9 /* SceneDelegate.swift in Sources */,
				95322976242BEBBE00E180FA /* Project38.xcdatamodeld in Sources */,
				956B941C242AC4FE00058AA9 /* SwiftyJSON.swift in Sources */,
			);
			runOnlyForDeploymentPostprocessing = 0;
		};
/* End PBXSourcesBuildPhase section */

/* Begin PBXVariantGroup section */
		956B940D242AC49200058AA9 /* Main.storyboard */ = {
			isa = PBXVariantGroup;
			children = (
				956B940E242AC49200058AA9 /* Base */,
			);
			name = Main.storyboard;
			sourceTree = "<group>";
		};
		956B9412242AC49600058AA9 /* LaunchScreen.storyboard */ = {
			isa = PBXVariantGroup;
			children = (
				956B9413242AC49600058AA9 /* Base */,
			);
			name = LaunchScreen.storyboard;
			sourceTree = "<group>";
		};
/* End PBXVariantGroup section */

/* Begin XCBuildConfiguration section */
		956B9416242AC49600058AA9 /* Debug */ = {
			isa = XCBuildConfiguration;
			buildSettings = {
				ALWAYS_SEARCH_USER_PATHS = NO;
				CLANG_ANALYZER_NONNULL = YES;
				CLANG_ANALYZER_NUMBER_OBJECT_CONVERSION = YES_AGGRESSIVE;
				CLANG_CXX_LANGUAGE_STANDARD = "gnu++14";
				CLANG_CXX_LIBRARY = "libc++";
				CLANG_ENABLE_MODULES = YES;
				CLANG_ENABLE_OBJC_ARC = YES;
				CLANG_ENABLE_OBJC_WEAK = YES;
				CLANG_WARN_BLOCK_CAPTURE_AUTORELEASING = YES;
				CLANG_WARN_BOOL_CONVERSION = YES;
				CLANG_WARN_COMMA = YES;
				CLANG_WARN_CONSTANT_CONVERSION = YES;
				CLANG_WARN_DEPRECATED_OBJC_IMPLEMENTATIONS = YES;
				CLANG_WARN_DIRECT_OBJC_ISA_USAGE = YES_ERROR;
				CLANG_WARN_DOCUMENTATION_COMMENTS = YES;
				CLANG_WARN_EMPTY_BODY = YES;
				CLANG_WARN_ENUM_CONVERSION = YES;
				CLANG_WARN_INFINITE_RECURSION = YES;
				CLANG_WARN_INT_CONVERSION = YES;
				CLANG_WARN_NON_LITERAL_NULL_CONVERSION = YES;
				CLANG_WARN_OBJC_IMPLICIT_RETAIN_SELF = YES;
				CLANG_WARN_OBJC_LITERAL_CONVERSION = YES;
				CLANG_WARN_OBJC_ROOT_CLASS = YES_ERROR;
				CLANG_WARN_RANGE_LOOP_ANALYSIS = YES;
				CLANG_WARN_STRICT_PROTOTYPES = YES;
				CLANG_WARN_SUSPICIOUS_MOVE = YES;
				CLANG_WARN_UNGUARDED_AVAILABILITY = YES_AGGRESSIVE;
				CLANG_WARN_UNREACHABLE_CODE = YES;
				CLANG_WARN__DUPLICATE_METHOD_MATCH = YES;
				COPY_PHASE_STRIP = NO;
				DEBUG_INFORMATION_FORMAT = dwarf;
				ENABLE_STRICT_OBJC_MSGSEND = YES;
				ENABLE_TESTABILITY = YES;
				GCC_C_LANGUAGE_STANDARD = gnu11;
				GCC_DYNAMIC_NO_PIC = NO;
				GCC_NO_COMMON_BLOCKS = YES;
				GCC_OPTIMIZATION_LEVEL = 0;
				GCC_PREPROCESSOR_DEFINITIONS = (
					"DEBUG=1",
					"$(inherited)",
				);
				GCC_WARN_64_TO_32_BIT_CONVERSION = YES;
				GCC_WARN_ABOUT_RETURN_TYPE = YES_ERROR;
				GCC_WARN_UNDECLARED_SELECTOR = YES;
				GCC_WARN_UNINITIALIZED_AUTOS = YES_AGGRESSIVE;
				GCC_WARN_UNUSED_FUNCTION = YES;
				GCC_WARN_UNUSED_VARIABLE = YES;
				IPHONEOS_DEPLOYMENT_TARGET = 13.4;
				MTL_ENABLE_DEBUG_INFO = INCLUDE_SOURCE;
				MTL_FAST_MATH = YES;
				ONLY_ACTIVE_ARCH = YES;
				SDKROOT = iphoneos;
				SWIFT_ACTIVE_COMPILATION_CONDITIONS = DEBUG;
				SWIFT_OPTIMIZATION_LEVEL = "-Onone";
			};
			name = Debug;
		};
		956B9417242AC49600058AA9 /* Release */ = {
			isa = XCBuildConfiguration;
			buildSettings = {
				ALWAYS_SEARCH_USER_PATHS = NO;
				CLANG_ANALYZER_NONNULL = YES;
				CLANG_ANALYZER_NUMBER_OBJECT_CONVERSION = YES_AGGRESSIVE;
				CLANG_CXX_LANGUAGE_STANDARD = "gnu++14";
				CLANG_CXX_LIBRARY = "libc++";
				CLANG_ENABLE_MODULES = YES;
				CLANG_ENABLE_OBJC_ARC = YES;
				CLANG_ENABLE_OBJC_WEAK = YES;
				CLANG_WARN_BLOCK_CAPTURE_AUTORELEASING = YES;
				CLANG_WARN_BOOL_CONVERSION = YES;
				CLANG_WARN_COMMA = YES;
				CLANG_WARN_CONSTANT_CONVERSION = YES;
				CLANG_WARN_DEPRECATED_OBJC_IMPLEMENTATIONS = YES;
				CLANG_WARN_DIRECT_OBJC_ISA_USAGE = YES_ERROR;
				CLANG_WARN_DOCUMENTATION_COMMENTS = YES;
				CLANG_WARN_EMPTY_BODY = YES;
				CLANG_WARN_ENUM_CONVERSION = YES;
				CLANG_WARN_INFINITE_RECURSION = YES;
				CLANG_WARN_INT_CONVERSION = YES;
				CLANG_WARN_NON_LITERAL_NULL_CONVERSION = YES;
				CLANG_WARN_OBJC_IMPLICIT_RETAIN_SELF = YES;
				CLANG_WARN_OBJC_LITERAL_CONVERSION = YES;
				CLANG_WARN_OBJC_ROOT_CLASS = YES_ERROR;
				CLANG_WARN_RANGE_LOOP_ANALYSIS = YES;
				CLANG_WARN_STRICT_PROTOTYPES = YES;
				CLANG_WARN_SUSPICIOUS_MOVE = YES;
				CLANG_WARN_UNGUARDED_AVAILABILITY = YES_AGGRESSIVE;
				CLANG_WARN_UNREACHABLE_CODE = YES;
				CLANG_WARN__DUPLICATE_METHOD_MATCH = YES;
				COPY_PHASE_STRIP = NO;
				DEBUG_INFORMATION_FORMAT = "dwarf-with-dsym";
				ENABLE_NS_ASSERTIONS = NO;
				ENABLE_STRICT_OBJC_MSGSEND = YES;
				GCC_C_LANGUAGE_STANDARD = gnu11;
				GCC_NO_COMMON_BLOCKS = YES;
				GCC_WARN_64_TO_32_BIT_CONVERSION = YES;
				GCC_WARN_ABOUT_RETURN_TYPE = YES_ERROR;
				GCC_WARN_UNDECLARED_SELECTOR = YES;
				GCC_WARN_UNINITIALIZED_AUTOS = YES_AGGRESSIVE;
				GCC_WARN_UNUSED_FUNCTION = YES;
				GCC_WARN_UNUSED_VARIABLE = YES;
				IPHONEOS_DEPLOYMENT_TARGET = 13.4;
				MTL_ENABLE_DEBUG_INFO = NO;
				MTL_FAST_MATH = YES;
				SDKROOT = iphoneos;
				SWIFT_COMPILATION_MODE = wholemodule;
				SWIFT_OPTIMIZATION_LEVEL = "-O";
				VALIDATE_PRODUCT = YES;
			};
			name = Release;
		};
		956B9419242AC49600058AA9 /* Debug */ = {
			isa = XCBuildConfiguration;
			buildSettings = {
				ASSETCATALOG_COMPILER_APPICON_NAME = AppIcon;
				CODE_SIGN_STYLE = Automatic;
				INFOPLIST_FILE = Project38/Info.plist;
				LD_RUNPATH_SEARCH_PATHS = (
					"$(inherited)",
					"@executable_path/Frameworks",
				);
				PRODUCT_BUNDLE_IDENTIFIER = "clarknt.hacking-with-swift.Project38";
				PRODUCT_NAME = "$(TARGET_NAME)";
				SWIFT_VERSION = 5.0;
				TARGETED_DEVICE_FAMILY = "1,2";
			};
			name = Debug;
		};
		956B941A242AC49600058AA9 /* Release */ = {
			isa = XCBuildConfiguration;
			buildSettings = {
				ASSETCATALOG_COMPILER_APPICON_NAME = AppIcon;
				CODE_SIGN_STYLE = Automatic;
				INFOPLIST_FILE = Project38/Info.plist;
				LD_RUNPATH_SEARCH_PATHS = (
					"$(inherited)",
					"@executable_path/Frameworks",
				);
				PRODUCT_BUNDLE_IDENTIFIER = "clarknt.hacking-with-swift.Project38";
				PRODUCT_NAME = "$(TARGET_NAME)";
				SWIFT_VERSION = 5.0;
				TARGETED_DEVICE_FAMILY = "1,2";
			};
			name = Release;
		};
/* End XCBuildConfiguration section */

/* Begin XCConfigurationList section */
		956B93FF242AC49200058AA9 /* Build configuration list for PBXProject "Project38" */ = {
			isa = XCConfigurationList;
			buildConfigurations = (
				956B9416242AC49600058AA9 /* Debug */,
				956B9417242AC49600058AA9 /* Release */,
			);
			defaultConfigurationIsVisible = 0;
			defaultConfigurationName = Release;
		};
		956B9418242AC49600058AA9 /* Build configuration list for PBXNativeTarget "Project38" */ = {
			isa = XCConfigurationList;
			buildConfigurations = (
				956B9419242AC49600058AA9 /* Debug */,
				956B941A242AC49600058AA9 /* Release */,
			);
			defaultConfigurationIsVisible = 0;
			defaultConfigurationName = Release;
		};
/* End XCConfigurationList section */

/* Begin XCVersionGroup section */
		95322974242BEBBE00E180FA /* Project38.xcdatamodeld */ = {
			isa = XCVersionGroup;
			children = (
				95322975242BEBBE00E180FA /* Project38.xcdatamodel */,
			);
			currentVersion = 95322975242BEBBE00E180FA /* Project38.xcdatamodel */;
			path = Project38.xcdatamodeld;
			sourceTree = "<group>";
			versionGroupType = wrapper.xcdatamodel;
		};
/* End XCVersionGroup section */
	};
	rootObject = 956B93FC242AC49200058AA9 /* Project object */;
}
