// !$*UTF8*$!
{
	archiveVersion = 1;
	classes = {
	};
	objectVersion = 50;
	objects = {

/* Begin PBXBuildFile section */
		9505261F234BB2BD000746CA /* AppDelegate.swift in Sources */ = {isa = PBXBuildFile; fileRef = 9505261E234BB2BD000746CA /* AppDelegate.swift */; };
		95052621234BB2BD000746CA /* ViewController.swift in Sources */ = {isa = PBXBuildFile; fileRef = 95052620234BB2BD000746CA /* ViewController.swift */; };
		95052624234BB2BD000746CA /* Main.storyboard in Resources */ = {isa = PBXBuildFile; fileRef = 95052622234BB2BD000746CA /* Main.storyboard */; };
		95052626234BB2BE000746CA /* Assets.xcassets in Resources */ = {isa = PBXBuildFile; fileRef = 95052625234BB2BE000746CA /* Assets.xcassets */; };
		95052629234BB2BE000746CA /* LaunchScreen.storyboard in Resources */ = {isa = PBXBuildFile; fileRef = 95052627234BB2BE000746CA /* LaunchScreen.storyboard */; };
		95052631234BB7EB000746CA /* Board.swift in Sources */ = {isa = PBXBuildFile; fileRef = 95052630234BB7EB000746CA /* Board.swift */; };
		95F25024234E189C000B2E68 /* Move.swift in Sources */ = {isa = PBXBuildFile; fileRef = 95F25023234E189C000B2E68 /* Move.swift */; };
		95F4741A234C2DD300E1D01F /* Player.swift in Sources */ = {isa = PBXBuildFile; fileRef = 95F47419234C2DD300E1D01F /* Player.swift */; };
/* End PBXBuildFile section */

/* Begin PBXFileReference section */
		9505261B234BB2BD000746CA /* Project34.app */ = {isa = PBXFileReference; explicitFileType = wrapper.application; includeInIndex = 0; path = Project34.app; sourceTree = BUILT_PRODUCTS_DIR; };
		9505261E234BB2BD000746CA /* AppDelegate.swift */ = {isa = PBXFileReference; lastKnownFileType = sourcecode.swift; path = AppDelegate.swift; sourceTree = "<group>"; };
		95052620234BB2BD000746CA /* ViewController.swift */ = {isa = PBXFileReference; lastKnownFileType = sourcecode.swift; path = ViewController.swift; sourceTree = "<group>"; };
		95052623234BB2BD000746CA /* Base */ = {isa = PBXFileReference; lastKnownFileType = file.storyboard; name = Base; path = Base.lproj/Main.storyboard; sourceTree = "<group>"; };
		95052625234BB2BE000746CA /* Assets.xcassets */ = {isa = PBXFileReference; lastKnownFileType = folder.assetcatalog; path = Assets.xcassets; sourceTree = "<group>"; };
		95052628234BB2BE000746CA /* Base */ = {isa = PBXFileReference; lastKnownFileType = file.storyboard; name = Base; path = Base.lproj/LaunchScreen.storyboard; sourceTree = "<group>"; };
		9505262A234BB2BE000746CA /* Info.plist */ = {isa = PBXFileReference; lastKnownFileType = text.plist.xml; path = Info.plist; sourceTree = "<group>"; };
		95052630234BB7EB000746CA /* Board.swift */ = {isa = PBXFileReference; lastKnownFileType = sourcecode.swift; path = Board.swift; sourceTree = "<group>"; };
		95F25023234E189C000B2E68 /* Move.swift */ = {isa = PBXFileReference; lastKnownFileType = sourcecode.swift; path = Move.swift; sourceTree = "<group>"; };
		95F47419234C2DD300E1D01F /* Player.swift */ = {isa = PBXFileReference; lastKnownFileType = sourcecode.swift; path = Player.swift; sourceTree = "<group>"; };
/* End PBXFileReference section */

/* Begin PBXFrameworksBuildPhase section */
		95052618234BB2BD000746CA /* Frameworks */ = {
			isa = PBXFrameworksBuildPhase;
			buildActionMask = 2147483647;
			files = (
			);
			runOnlyForDeploymentPostprocessing = 0;
		};
/* End PBXFrameworksBuildPhase section */

/* Begin PBXGroup section */
		95052612234BB2BD000746CA = {
			isa = PBXGroup;
			children = (
				9505261D234BB2BD000746CA /* Project34 */,
				9505261C234BB2BD000746CA /* Products */,
			);
			sourceTree = "<group>";
		};
		9505261C234BB2BD000746CA /* Products */ = {
			isa = PBXGroup;
			children = (
				9505261B234BB2BD000746CA /* Project34.app */,
			);
			name = Products;
			sourceTree = "<group>";
		};
		9505261D234BB2BD000746CA /* Project34 */ = {
			isa = PBXGroup;
			children = (
				9505261E234BB2BD000746CA /* AppDelegate.swift */,
				95052620234BB2BD000746CA /* ViewController.swift */,
				95052630234BB7EB000746CA /* Board.swift */,
				95F47419234C2DD300E1D01F /* Player.swift */,
				95F25023234E189C000B2E68 /* Move.swift */,
				95052622234BB2BD000746CA /* Main.storyboard */,
				95052625234BB2BE000746CA /* Assets.xcassets */,
				95052627234BB2BE000746CA /* LaunchScreen.storyboard */,
				9505262A234BB2BE000746CA /* Info.plist */,
			);
			path = Project34;
			sourceTree = "<group>";
		};
/* End PBXGroup section */

/* Begin PBXNativeTarget section */
		9505261A234BB2BD000746CA /* Project34 */ = {
			isa = PBXNativeTarget;
			buildConfigurationList = 9505262D234BB2BE000746CA /* Build configuration list for PBXNativeTarget "Project34" */;
			buildPhases = (
				95052617234BB2BD000746CA /* Sources */,
				95052618234BB2BD000746CA /* Frameworks */,
				95052619234BB2BD000746CA /* Resources */,
			);
			buildRules = (
			);
			dependencies = (
			);
			name = Project34;
			productName = Project34;
			productReference = 9505261B234BB2BD000746CA /* Project34.app */;
			productType = "com.apple.product-type.application";
		};
/* End PBXNativeTarget section */

/* Begin PBXProject section */
		95052613234BB2BD000746CA /* Project object */ = {
			isa = PBXProject;
			attributes = {
				LastSwiftUpdateCheck = 1030;
				LastUpgradeCheck = 1030;
				ORGANIZATIONNAME = clarknt;
				TargetAttributes = {
					9505261A234BB2BD000746CA = {
						CreatedOnToolsVersion = 10.3;
					};
				};
			};
			buildConfigurationList = 95052616234BB2BD000746CA /* Build configuration list for PBXProject "Project34" */;
			compatibilityVersion = "Xcode 9.3";
			developmentRegion = en;
			hasScannedForEncodings = 0;
			knownRegions = (
				en,
				Base,
			);
			mainGroup = 95052612234BB2BD000746CA;
			productRefGroup = 9505261C234BB2BD000746CA /* Products */;
			projectDirPath = "";
			projectRoot = "";
			targets = (
				9505261A234BB2BD000746CA /* Project34 */,
			);
		};
/* End PBXProject section */

/* Begin PBXResourcesBuildPhase section */
		95052619234BB2BD000746CA /* Resources */ = {
			isa = PBXResourcesBuildPhase;
			buildActionMask = 2147483647;
			files = (
				95052629234BB2BE000746CA /* LaunchScreen.storyboard in Resources */,
				95052626234BB2BE000746CA /* Assets.xcassets in Resources */,
				95052624234BB2BD000746CA /* Main.storyboard in Resources */,
			);
			runOnlyForDeploymentPostprocessing = 0;
		};
/* End PBXResourcesBuildPhase section */

/* Begin PBXSourcesBuildPhase section */
		95052617234BB2BD000746CA /* Sources */ = {
			isa = PBXSourcesBuildPhase;
			buildActionMask = 2147483647;
			files = (
				95F25024234E189C000B2E68 /* Move.swift in Sources */,
				95F4741A234C2DD300E1D01F /* Player.swift in Sources */,
				95052621234BB2BD000746CA /* ViewController.swift in Sources */,
				9505261F234BB2BD000746CA /* AppDelegate.swift in Sources */,
				95052631234BB7EB000746CA /* Board.swift in Sources */,
			);
			runOnlyForDeploymentPostprocessing = 0;
		};
/* End PBXSourcesBuildPhase section */

/* Begin PBXVariantGroup section */
		95052622234BB2BD000746CA /* Main.storyboard */ = {
			isa = PBXVariantGroup;
			children = (
				95052623234BB2BD000746CA /* Base */,
			);
			name = Main.storyboard;
			sourceTree = "<group>";
		};
		95052627234BB2BE000746CA /* LaunchScreen.storyboard */ = {
			isa = PBXVariantGroup;
			children = (
				95052628234BB2BE000746CA /* Base */,
			);
			name = LaunchScreen.storyboard;
			sourceTree = "<group>";
		};
/* End PBXVariantGroup section */

/* Begin XCBuildConfiguration section */
		9505262B234BB2BE000746CA /* Debug */ = {
			isa = XCBuildConfiguration;
			buildSettings = {
				ALWAYS_SEARCH_USER_PATHS = NO;
				CLANG_ANALYZER_NONNULL = YES;
				CLANG_ANALYZER_NUMBER_OBJECT_CONVERSION = YES_AGGRESSIVE;
				CLANG_CXX_LANGUAGE_STANDARD = "gnu++14";
				CLANG_CXX_LIBRARY = "libc++";
				CLANG_ENABLE_MODULES = YES;
				CLANG_ENABLE_OBJC_ARC = YES;
				CLANG_ENABLE_OBJC_WEAK = YES;
				CLANG_WARN_BLOCK_CAPTURE_AUTORELEASING = YES;
				CLANG_WARN_BOOL_CONVERSION = YES;
				CLANG_WARN_COMMA = YES;
				CLANG_WARN_CONSTANT_CONVERSION = YES;
				CLANG_WARN_DEPRECATED_OBJC_IMPLEMENTATIONS = YES;
				CLANG_WARN_DIRECT_OBJC_ISA_USAGE = YES_ERROR;
				CLANG_WARN_DOCUMENTATION_COMMENTS = YES;
				CLANG_WARN_EMPTY_BODY = YES;
				CLANG_WARN_ENUM_CONVERSION = YES;
				CLANG_WARN_INFINITE_RECURSION = YES;
				CLANG_WARN_INT_CONVERSION = YES;
				CLANG_WARN_NON_LITERAL_NULL_CONVERSION = YES;
				CLANG_WARN_OBJC_IMPLICIT_RETAIN_SELF = YES;
				CLANG_WARN_OBJC_LITERAL_CONVERSION = YES;
				CLANG_WARN_OBJC_ROOT_CLASS = YES_ERROR;
				CLANG_WARN_RANGE_LOOP_ANALYSIS = YES;
				CLANG_WARN_STRICT_PROTOTYPES = YES;
				CLANG_WARN_SUSPICIOUS_MOVE = YES;
				CLANG_WARN_UNGUARDED_AVAILABILITY = YES_AGGRESSIVE;
				CLANG_WARN_UNREACHABLE_CODE = YES;
				CLANG_WARN__DUPLICATE_METHOD_MATCH = YES;
				CODE_SIGN_IDENTITY = "iPhone Developer";
				COPY_PHASE_STRIP = NO;
				DEBUG_INFORMATION_FORMAT = dwarf;
				ENABLE_STRICT_OBJC_MSGSEND = YES;
				ENABLE_TESTABILITY = YES;
				GCC_C_LANGUAGE_STANDARD = gnu11;
				GCC_DYNAMIC_NO_PIC = NO;
				GCC_NO_COMMON_BLOCKS = YES;
				GCC_OPTIMIZATION_LEVEL = 0;
				GCC_PREPROCESSOR_DEFINITIONS = (
					"DEBUG=1",
					"$(inherited)",
				);
				GCC_WARN_64_TO_32_BIT_CONVERSION = YES;
				GCC_WARN_ABOUT_RETURN_TYPE = YES_ERROR;
				GCC_WARN_UNDECLARED_SELECTOR = YES;
				GCC_WARN_UNINITIALIZED_AUTOS = YES_AGGRESSIVE;
				GCC_WARN_UNUSED_FUNCTION = YES;
				GCC_WARN_UNUSED_VARIABLE = YES;
				IPHONEOS_DEPLOYMENT_TARGET = 12.4;
				MTL_ENABLE_DEBUG_INFO = INCLUDE_SOURCE;
				MTL_FAST_MATH = YES;
				ONLY_ACTIVE_ARCH = YES;
				SDKROOT = iphoneos;
				SWIFT_ACTIVE_COMPILATION_CONDITIONS = DEBUG;
				SWIFT_OPTIMIZATION_LEVEL = "-Onone";
			};
			name = Debug;
		};
		9505262C234BB2BE000746CA /* Release */ = {
			isa = XCBuildConfiguration;
			buildSettings = {
				ALWAYS_SEARCH_USER_PATHS = NO;
				CLANG_ANALYZER_NONNULL = YES;
				CLANG_ANALYZER_NUMBER_OBJECT_CONVERSION = YES_AGGRESSIVE;
				CLANG_CXX_LANGUAGE_STANDARD = "gnu++14";
				CLANG_CXX_LIBRARY = "libc++";
				CLANG_ENABLE_MODULES = YES;
				CLANG_ENABLE_OBJC_ARC = YES;
				CLANG_ENABLE_OBJC_WEAK = YES;
				CLANG_WARN_BLOCK_CAPTURE_AUTORELEASING = YES;
				CLANG_WARN_BOOL_CONVERSION = YES;
				CLANG_WARN_COMMA = YES;
				CLANG_WARN_CONSTANT_CONVERSION = YES;
				CLANG_WARN_DEPRECATED_OBJC_IMPLEMENTATIONS = YES;
				CLANG_WARN_DIRECT_OBJC_ISA_USAGE = YES_ERROR;
				CLANG_WARN_DOCUMENTATION_COMMENTS = YES;
				CLANG_WARN_EMPTY_BODY = YES;
				CLANG_WARN_ENUM_CONVERSION = YES;
				CLANG_WARN_INFINITE_RECURSION = YES;
				CLANG_WARN_INT_CONVERSION = YES;
				CLANG_WARN_NON_LITERAL_NULL_CONVERSION = YES;
				CLANG_WARN_OBJC_IMPLICIT_RETAIN_SELF = YES;
				CLANG_WARN_OBJC_LITERAL_CONVERSION = YES;
				CLANG_WARN_OBJC_ROOT_CLASS = YES_ERROR;
				CLANG_WARN_RANGE_LOOP_ANALYSIS = YES;
				CLANG_WARN_STRICT_PROTOTYPES = YES;
				CLANG_WARN_SUSPICIOUS_MOVE = YES;
				CLANG_WARN_UNGUARDED_AVAILABILITY = YES_AGGRESSIVE;
				CLANG_WARN_UNREACHABLE_CODE = YES;
				CLANG_WARN__DUPLICATE_METHOD_MATCH = YES;
				CODE_SIGN_IDENTITY = "iPhone Developer";
				COPY_PHASE_STRIP = NO;
				DEBUG_INFORMATION_FORMAT = "dwarf-with-dsym";
				ENABLE_NS_ASSERTIONS = NO;
				ENABLE_STRICT_OBJC_MSGSEND = YES;
				GCC_C_LANGUAGE_STANDARD = gnu11;
				GCC_NO_COMMON_BLOCKS = YES;
				GCC_WARN_64_TO_32_BIT_CONVERSION = YES;
				GCC_WARN_ABOUT_RETURN_TYPE = YES_ERROR;
				GCC_WARN_UNDECLARED_SELECTOR = YES;
				GCC_WARN_UNINITIALIZED_AUTOS = YES_AGGRESSIVE;
				GCC_WARN_UNUSED_FUNCTION = YES;
				GCC_WARN_UNUSED_VARIABLE = YES;
				IPHONEOS_DEPLOYMENT_TARGET = 12.4;
				MTL_ENABLE_DEBUG_INFO = NO;
				MTL_FAST_MATH = YES;
				SDKROOT = iphoneos;
				SWIFT_COMPILATION_MODE = wholemodule;
				SWIFT_OPTIMIZATION_LEVEL = "-O";
				VALIDATE_PRODUCT = YES;
			};
			name = Release;
		};
		9505262E234BB2BE000746CA /* Debug */ = {
			isa = XCBuildConfiguration;
			buildSettings = {
				ASSETCATALOG_COMPILER_APPICON_NAME = AppIcon;
				CODE_SIGN_STYLE = Automatic;
				DEVELOPMENT_TEAM = "";
				INFOPLIST_FILE = Project34/Info.plist;
				LD_RUNPATH_SEARCH_PATHS = (
					"$(inherited)",
					"@executable_path/Frameworks",
				);
				PRODUCT_BUNDLE_IDENTIFIER = "clarknt.hacking-with-swift.Project34";
				PRODUCT_NAME = "$(TARGET_NAME)";
				SWIFT_VERSION = 5.0;
				TARGETED_DEVICE_FAMILY = 2;
			};
			name = Debug;
		};
		9505262F234BB2BE000746CA /* Release */ = {
			isa = XCBuildConfiguration;
			buildSettings = {
				ASSETCATALOG_COMPILER_APPICON_NAME = AppIcon;
				CODE_SIGN_STYLE = Automatic;
				DEVELOPMENT_TEAM = "";
				INFOPLIST_FILE = Project34/Info.plist;
				LD_RUNPATH_SEARCH_PATHS = (
					"$(inherited)",
					"@executable_path/Frameworks",
				);
				PRODUCT_BUNDLE_IDENTIFIER = "clarknt.hacking-with-swift.Project34";
				PRODUCT_NAME = "$(TARGET_NAME)";
				SWIFT_VERSION = 5.0;
				TARGETED_DEVICE_FAMILY = 2;
			};
			name = Release;
		};
/* End XCBuildConfiguration section */

/* Begin XCConfigurationList section */
		95052616234BB2BD000746CA /* Build configuration list for PBXProject "Project34" */ = {
			isa = XCConfigurationList;
			buildConfigurations = (
				9505262B234BB2BE000746CA /* Debug */,
				9505262C234BB2BE000746CA /* Release */,
			);
			defaultConfigurationIsVisible = 0;
			defaultConfigurationName = Release;
		};
		9505262D234BB2BE000746CA /* Build configuration list for PBXNativeTarget "Project34" */ = {
			isa = XCConfigurationList;
			buildConfigurations = (
				9505262E234BB2BE000746CA /* Debug */,
				9505262F234BB2BE000746CA /* Release */,
			);
			defaultConfigurationIsVisible = 0;
			defaultConfigurationName = Release;
		};
/* End XCConfigurationList section */
	};
	rootObject = 95052613234BB2BD000746CA /* Project object */;
}
