// !$*UTF8*$!
{
	archiveVersion = 1;
	classes = {
	};
	objectVersion = 50;
	objects = {

/* Begin PBXBuildFile section */
		953B3D6F24328FD3008D76EE /* AppDelegate.swift in Sources */ = {isa = PBXBuildFile; fileRef = 953B3D6E24328FD3008D76EE /* AppDelegate.swift */; };
		953B3D7224328FD3008D76EE /* Project38_Challenge1.xcdatamodeld in Sources */ = {isa = PBXBuildFile; fileRef = 953B3D7024328FD3008D76EE /* Project38_Challenge1.xcdatamodeld */; };
		953B3D7424328FD3008D76EE /* SceneDelegate.swift in Sources */ = {isa = PBXBuildFile; fileRef = 953B3D7324328FD3008D76EE /* SceneDelegate.swift */; };
		953B3D7624328FD3008D76EE /* MasterViewController.swift in Sources */ = {isa = PBXBuildFile; fileRef = 953B3D7524328FD3008D76EE /* MasterViewController.swift */; };
		953B3D7824328FD3008D76EE /* DetailViewController.swift in Sources */ = {isa = PBXBuildFile; fileRef = 953B3D7724328FD3008D76EE /* DetailViewController.swift */; };
		953B3D7B24328FD3008D76EE /* Main.storyboard in Resources */ = {isa = PBXBuildFile; fileRef = 953B3D7924328FD3008D76EE /* Main.storyboard */; };
		953B3D7D24328FD4008D76EE /* Assets.xcassets in Resources */ = {isa = PBXBuildFile; fileRef = 953B3D7C24328FD4008D76EE /* Assets.xcassets */; };
		953B3D8024328FD4008D76EE /* LaunchScreen.storyboard in Resources */ = {isa = PBXBuildFile; fileRef = 953B3D7E24328FD4008D76EE /* LaunchScreen.storyboard */; };
/* End PBXBuildFile section */

/* Begin PBXFileReference section */
		953B3D6B24328FD3008D76EE /* Project38-Challenge1.app */ = {isa = PBXFileReference; explicitFileType = wrapper.application; includeInIndex = 0; path = "Project38-Challenge1.app"; sourceTree = BUILT_PRODUCTS_DIR; };
		953B3D6E24328FD3008D76EE /* AppDelegate.swift */ = {isa = PBXFileReference; lastKnownFileType = sourcecode.swift; path = AppDelegate.swift; sourceTree = "<group>"; };
		953B3D7124328FD3008D76EE /* Project38_Challenge1.xcdatamodel */ = {isa = PBXFileReference; lastKnownFileType = wrapper.xcdatamodel; path = Project38_Challenge1.xcdatamodel; sourceTree = "<group>"; };
		953B3D7324328FD3008D76EE /* SceneDelegate.swift */ = {isa = PBXFileReference; lastKnownFileType = sourcecode.swift; path = SceneDelegate.swift; sourceTree = "<group>"; };
		953B3D7524328FD3008D76EE /* MasterViewController.swift */ = {isa = PBXFileReference; lastKnownFileType = sourcecode.swift; path = MasterViewController.swift; sourceTree = "<group>"; };
		953B3D7724328FD3008D76EE /* DetailViewController.swift */ = {isa = PBXFileReference; lastKnownFileType = sourcecode.swift; path = DetailViewController.swift; sourceTree = "<group>"; };
		953B3D7A24328FD3008D76EE /* Base */ = {isa = PBXFileReference; lastKnownFileType = file.storyboard; name = Base; path = Base.lproj/Main.storyboard; sourceTree = "<group>"; };
		953B3D7C24328FD4008D76EE /* Assets.xcassets */ = {isa = PBXFileReference; lastKnownFileType = folder.assetcatalog; path = Assets.xcassets; sourceTree = "<group>"; };
		953B3D7F24328FD4008D76EE /* Base */ = {isa = PBXFileReference; lastKnownFileType = file.storyboard; name = Base; path = Base.lproj/LaunchScreen.storyboard; sourceTree = "<group>"; };
		953B3D8124328FD4008D76EE /* Info.plist */ = {isa = PBXFileReference; lastKnownFileType = text.plist.xml; path = Info.plist; sourceTree = "<group>"; };
/* End PBXFileReference section */

/* Begin PBXFrameworksBuildPhase section */
		953B3D6824328FD3008D76EE /* Frameworks */ = {
			isa = PBXFrameworksBuildPhase;
			buildActionMask = 2147483647;
			files = (
			);
			runOnlyForDeploymentPostprocessing = 0;
		};
/* End PBXFrameworksBuildPhase section */

/* Begin PBXGroup section */
		953B3D6224328FD3008D76EE = {
			isa = PBXGroup;
			children = (
				953B3D6D24328FD3008D76EE /* Project38-Challenge1 */,
				953B3D6C24328FD3008D76EE /* Products */,
			);
			sourceTree = "<group>";
		};
		953B3D6C24328FD3008D76EE /* Products */ = {
			isa = PBXGroup;
			children = (
				953B3D6B24328FD3008D76EE /* Project38-Challenge1.app */,
			);
			name = Products;
			sourceTree = "<group>";
		};
		953B3D6D24328FD3008D76EE /* Project38-Challenge1 */ = {
			isa = PBXGroup;
			children = (
				953B3D6E24328FD3008D76EE /* AppDelegate.swift */,
				953B3D7324328FD3008D76EE /* SceneDelegate.swift */,
				953B3D7524328FD3008D76EE /* MasterViewController.swift */,
				953B3D7724328FD3008D76EE /* DetailViewController.swift */,
				953B3D7924328FD3008D76EE /* Main.storyboard */,
				953B3D7C24328FD4008D76EE /* Assets.xcassets */,
				953B3D7E24328FD4008D76EE /* LaunchScreen.storyboard */,
				953B3D8124328FD4008D76EE /* Info.plist */,
				953B3D7024328FD3008D76EE /* Project38_Challenge1.xcdatamodeld */,
			);
			path = "Project38-Challenge1";
			sourceTree = "<group>";
		};
/* End PBXGroup section */

/* Begin PBXNativeTarget section */
		953B3D6A24328FD3008D76EE /* Project38-Challenge1 */ = {
			isa = PBXNativeTarget;
			buildConfigurationList = 953B3D8424328FD4008D76EE /* Build configuration list for PBXNativeTarget "Project38-Challenge1" */;
			buildPhases = (
				953B3D6724328FD3008D76EE /* Sources */,
				953B3D6824328FD3008D76EE /* Frameworks */,
				953B3D6924328FD3008D76EE /* Resources */,
			);
			buildRules = (
			);
			dependencies = (
			);
			name = "Project38-Challenge1";
			productName = "Project38-Challenge1";
			productReference = 953B3D6B24328FD3008D76EE /* Project38-Challenge1.app */;
			productType = "com.apple.product-type.application";
		};
/* End PBXNativeTarget section */

/* Begin PBXProject section */
		953B3D6324328FD3008D76EE /* Project object */ = {
			isa = PBXProject;
			attributes = {
				LastSwiftUpdateCheck = 1140;
				LastUpgradeCheck = 1140;
				ORGANIZATIONNAME = clarknt;
				TargetAttributes = {
					953B3D6A24328FD3008D76EE = {
						CreatedOnToolsVersion = 11.4;
					};
				};
			};
			buildConfigurationList = 953B3D6624328FD3008D76EE /* Build configuration list for PBXProject "Project38-Challenge1" */;
			compatibilityVersion = "Xcode 9.3";
			developmentRegion = en;
			hasScannedForEncodings = 0;
			knownRegions = (
				en,
				Base,
			);
			mainGroup = 953B3D6224328FD3008D76EE;
			productRefGroup = 953B3D6C24328FD3008D76EE /* Products */;
			projectDirPath = "";
			projectRoot = "";
			targets = (
				953B3D6A24328FD3008D76EE /* Project38-Challenge1 */,
			);
		};
/* End PBXProject section */

/* Begin PBXResourcesBuildPhase section */
		953B3D6924328FD3008D76EE /* Resources */ = {
			isa = PBXResourcesBuildPhase;
			buildActionMask = 2147483647;
			files = (
				953B3D8024328FD4008D76EE /* LaunchScreen.storyboard in Resources */,
				953B3D7D24328FD4008D76EE /* Assets.xcassets in Resources */,
				953B3D7B24328FD3008D76EE /* Main.storyboard in Resources */,
			);
			runOnlyForDeploymentPostprocessing = 0;
		};
/* End PBXResourcesBuildPhase section */

/* Begin PBXSourcesBuildPhase section */
		953B3D6724328FD3008D76EE /* Sources */ = {
			isa = PBXSourcesBuildPhase;
			buildActionMask = 2147483647;
			files = (
				953B3D7624328FD3008D76EE /* MasterViewController.swift in Sources */,
				953B3D7224328FD3008D76EE /* Project38_Challenge1.xcdatamodeld in Sources */,
				953B3D7824328FD3008D76EE /* DetailViewController.swift in Sources */,
				953B3D6F24328FD3008D76EE /* AppDelegate.swift in Sources */,
				953B3D7424328FD3008D76EE /* SceneDelegate.swift in Sources */,
			);
			runOnlyForDeploymentPostprocessing = 0;
		};
/* End PBXSourcesBuildPhase section */

/* Begin PBXVariantGroup section */
		953B3D7924328FD3008D76EE /* Main.storyboard */ = {
			isa = PBXVariantGroup;
			children = (
				953B3D7A24328FD3008D76EE /* Base */,
			);
			name = Main.storyboard;
			sourceTree = "<group>";
		};
		953B3D7E24328FD4008D76EE /* LaunchScreen.storyboard */ = {
			isa = PBXVariantGroup;
			children = (
				953B3D7F24328FD4008D76EE /* Base */,
			);
			name = LaunchScreen.storyboard;
			sourceTree = "<group>";
		};
/* End PBXVariantGroup section */

/* Begin XCBuildConfiguration section */
		953B3D8224328FD4008D76EE /* Debug */ = {
			isa = XCBuildConfiguration;
			buildSettings = {
				ALWAYS_SEARCH_USER_PATHS = NO;
				CLANG_ANALYZER_NONNULL = YES;
				CLANG_ANALYZER_NUMBER_OBJECT_CONVERSION = YES_AGGRESSIVE;
				CLANG_CXX_LANGUAGE_STANDARD = "gnu++14";
				CLANG_CXX_LIBRARY = "libc++";
				CLANG_ENABLE_MODULES = YES;
				CLANG_ENABLE_OBJC_ARC = YES;
				CLANG_ENABLE_OBJC_WEAK = YES;
				CLANG_WARN_BLOCK_CAPTURE_AUTORELEASING = YES;
				CLANG_WARN_BOOL_CONVERSION = YES;
				CLANG_WARN_COMMA = YES;
				CLANG_WARN_CONSTANT_CONVERSION = YES;
				CLANG_WARN_DEPRECATED_OBJC_IMPLEMENTATIONS = YES;
				CLANG_WARN_DIRECT_OBJC_ISA_USAGE = YES_ERROR;
				CLANG_WARN_DOCUMENTATION_COMMENTS = YES;
				CLANG_WARN_EMPTY_BODY = YES;
				CLANG_WARN_ENUM_CONVERSION = YES;
				CLANG_WARN_INFINITE_RECURSION = YES;
				CLANG_WARN_INT_CONVERSION = YES;
				CLANG_WARN_NON_LITERAL_NULL_CONVERSION = YES;
				CLANG_WARN_OBJC_IMPLICIT_RETAIN_SELF = YES;
				CLANG_WARN_OBJC_LITERAL_CONVERSION = YES;
				CLANG_WARN_OBJC_ROOT_CLASS = YES_ERROR;
				CLANG_WARN_RANGE_LOOP_ANALYSIS = YES;
				CLANG_WARN_STRICT_PROTOTYPES = YES;
				CLANG_WARN_SUSPICIOUS_MOVE = YES;
				CLANG_WARN_UNGUARDED_AVAILABILITY = YES_AGGRESSIVE;
				CLANG_WARN_UNREACHABLE_CODE = YES;
				CLANG_WARN__DUPLICATE_METHOD_MATCH = YES;
				COPY_PHASE_STRIP = NO;
				DEBUG_INFORMATION_FORMAT = dwarf;
				ENABLE_STRICT_OBJC_MSGSEND = YES;
				ENABLE_TESTABILITY = YES;
				GCC_C_LANGUAGE_STANDARD = gnu11;
				GCC_DYNAMIC_NO_PIC = NO;
				GCC_NO_COMMON_BLOCKS = YES;
				GCC_OPTIMIZATION_LEVEL = 0;
				GCC_PREPROCESSOR_DEFINITIONS = (
					"DEBUG=1",
					"$(inherited)",
				);
				GCC_WARN_64_TO_32_BIT_CONVERSION = YES;
				GCC_WARN_ABOUT_RETURN_TYPE = YES_ERROR;
				GCC_WARN_UNDECLARED_SELECTOR = YES;
				GCC_WARN_UNINITIALIZED_AUTOS = YES_AGGRESSIVE;
				GCC_WARN_UNUSED_FUNCTION = YES;
				GCC_WARN_UNUSED_VARIABLE = YES;
				IPHONEOS_DEPLOYMENT_TARGET = 13.4;
				MTL_ENABLE_DEBUG_INFO = INCLUDE_SOURCE;
				MTL_FAST_MATH = YES;
				ONLY_ACTIVE_ARCH = YES;
				SDKROOT = iphoneos;
				SWIFT_ACTIVE_COMPILATION_CONDITIONS = DEBUG;
				SWIFT_OPTIMIZATION_LEVEL = "-Onone";
			};
			name = Debug;
		};
		953B3D8324328FD4008D76EE /* Release */ = {
			isa = XCBuildConfiguration;
			buildSettings = {
				ALWAYS_SEARCH_USER_PATHS = NO;
				CLANG_ANALYZER_NONNULL = YES;
				CLANG_ANALYZER_NUMBER_OBJECT_CONVERSION = YES_AGGRESSIVE;
				CLANG_CXX_LANGUAGE_STANDARD = "gnu++14";
				CLANG_CXX_LIBRARY = "libc++";
				CLANG_ENABLE_MODULES = YES;
				CLANG_ENABLE_OBJC_ARC = YES;
				CLANG_ENABLE_OBJC_WEAK = YES;
				CLANG_WARN_BLOCK_CAPTURE_AUTORELEASING = YES;
				CLANG_WARN_BOOL_CONVERSION = YES;
				CLANG_WARN_COMMA = YES;
				CLANG_WARN_CONSTANT_CONVERSION = YES;
				CLANG_WARN_DEPRECATED_OBJC_IMPLEMENTATIONS = YES;
				CLANG_WARN_DIRECT_OBJC_ISA_USAGE = YES_ERROR;
				CLANG_WARN_DOCUMENTATION_COMMENTS = YES;
				CLANG_WARN_EMPTY_BODY = YES;
				CLANG_WARN_ENUM_CONVERSION = YES;
				CLANG_WARN_INFINITE_RECURSION = YES;
				CLANG_WARN_INT_CONVERSION = YES;
				CLANG_WARN_NON_LITERAL_NULL_CONVERSION = YES;
				CLANG_WARN_OBJC_IMPLICIT_RETAIN_SELF = YES;
				CLANG_WARN_OBJC_LITERAL_CONVERSION = YES;
				CLANG_WARN_OBJC_ROOT_CLASS = YES_ERROR;
				CLANG_WARN_RANGE_LOOP_ANALYSIS = YES;
				CLANG_WARN_STRICT_PROTOTYPES = YES;
				CLANG_WARN_SUSPICIOUS_MOVE = YES;
				CLANG_WARN_UNGUARDED_AVAILABILITY = YES_AGGRESSIVE;
				CLANG_WARN_UNREACHABLE_CODE = YES;
				CLANG_WARN__DUPLICATE_METHOD_MATCH = YES;
				COPY_PHASE_STRIP = NO;
				DEBUG_INFORMATION_FORMAT = "dwarf-with-dsym";
				ENABLE_NS_ASSERTIONS = NO;
				ENABLE_STRICT_OBJC_MSGSEND = YES;
				GCC_C_LANGUAGE_STANDARD = gnu11;
				GCC_NO_COMMON_BLOCKS = YES;
				GCC_WARN_64_TO_32_BIT_CONVERSION = YES;
				GCC_WARN_ABOUT_RETURN_TYPE = YES_ERROR;
				GCC_WARN_UNDECLARED_SELECTOR = YES;
				GCC_WARN_UNINITIALIZED_AUTOS = YES_AGGRESSIVE;
				GCC_WARN_UNUSED_FUNCTION = YES;
				GCC_WARN_UNUSED_VARIABLE = YES;
				IPHONEOS_DEPLOYMENT_TARGET = 13.4;
				MTL_ENABLE_DEBUG_INFO = NO;
				MTL_FAST_MATH = YES;
				SDKROOT = iphoneos;
				SWIFT_COMPILATION_MODE = wholemodule;
				SWIFT_OPTIMIZATION_LEVEL = "-O";
				VALIDATE_PRODUCT = YES;
			};
			name = Release;
		};
		953B3D8524328FD4008D76EE /* Debug */ = {
			isa = XCBuildConfiguration;
			buildSettings = {
				ASSETCATALOG_COMPILER_APPICON_NAME = AppIcon;
				CODE_SIGN_STYLE = Automatic;
				INFOPLIST_FILE = "Project38-Challenge1/Info.plist";
				LD_RUNPATH_SEARCH_PATHS = (
					"$(inherited)",
					"@executable_path/Frameworks",
				);
				PRODUCT_BUNDLE_IDENTIFIER = "clarknt.hacking-with-swift.Project38-Challenge1";
				PRODUCT_NAME = "$(TARGET_NAME)";
				SWIFT_VERSION = 5.0;
				TARGETED_DEVICE_FAMILY = "1,2";
			};
			name = Debug;
		};
		953B3D8624328FD4008D76EE /* Release */ = {
			isa = XCBuildConfiguration;
			buildSettings = {
				ASSETCATALOG_COMPILER_APPICON_NAME = AppIcon;
				CODE_SIGN_STYLE = Automatic;
				INFOPLIST_FILE = "Project38-Challenge1/Info.plist";
				LD_RUNPATH_SEARCH_PATHS = (
					"$(inherited)",
					"@executable_path/Frameworks",
				);
				PRODUCT_BUNDLE_IDENTIFIER = "clarknt.hacking-with-swift.Project38-Challenge1";
				PRODUCT_NAME = "$(TARGET_NAME)";
				SWIFT_VERSION = 5.0;
				TARGETED_DEVICE_FAMILY = "1,2";
			};
			name = Release;
		};
/* End XCBuildConfiguration section */

/* Begin XCConfigurationList section */
		953B3D6624328FD3008D76EE /* Build configuration list for PBXProject "Project38-Challenge1" */ = {
			isa = XCConfigurationList;
			buildConfigurations = (
				953B3D8224328FD4008D76EE /* Debug */,
				953B3D8324328FD4008D76EE /* Release */,
			);
			defaultConfigurationIsVisible = 0;
			defaultConfigurationName = Release;
		};
		953B3D8424328FD4008D76EE /* Build configuration list for PBXNativeTarget "Project38-Challenge1" */ = {
			isa = XCConfigurationList;
			buildConfigurations = (
				953B3D8524328FD4008D76EE /* Debug */,
				953B3D8624328FD4008D76EE /* Release */,
			);
			defaultConfigurationIsVisible = 0;
			defaultConfigurationName = Release;
		};
/* End XCConfigurationList section */

/* Begin XCVersionGroup section */
		953B3D7024328FD3008D76EE /* Project38_Challenge1.xcdatamodeld */ = {
			isa = XCVersionGroup;
			children = (
				953B3D7124328FD3008D76EE /* Project38_Challenge1.xcdatamodel */,
			);
			currentVersion = 953B3D7124328FD3008D76EE /* Project38_Challenge1.xcdatamodel */;
			path = Project38_Challenge1.xcdatamodeld;
			sourceTree = "<group>";
			versionGroupType = wrapper.xcdatamodel;
		};
/* End XCVersionGroup section */
	};
	rootObject = 953B3D6324328FD3008D76EE /* Project object */;
}
